
Microsoft Visual Studio Solution File, Format Version 12.00
# Visual Studio Version 16
VisualStudioVersion = 16.0.31321.278
MinimumVisualStudioVersion = 10.0.40219.1
Project("{FAE04EC0-301F-11D3-BF4B-00C04F79EFBC}") = "WpfApp1", "WpfApp1\WpfApp1.csproj", "{F3932245-B90E-44A0-8DC1-FE82A08A653A}"
EndProject
Global
	GlobalSection(SolutionConfigurationPlatforms) = preSolution
		Debug|Any CPU = Debug|Any CPU
		Release|Any CPU = Release|Any CPU
	EndGlobalSection
	GlobalSection(ProjectConfigurationPlatforms) = postSolution
		{F3932245-B90E-44A0-8DC1-FE82A08A653A}.Debug|Any CPU.ActiveCfg = Debug|Any CPU
		{F3932245-B90E-44A0-8DC1-FE82A08A653A}.Debug|Any CPU.Build.0 = Debug|Any CPU
		{F3932245-B90E-44A0-8DC1-FE82A08A653A}.Release|Any CPU.ActiveCfg = Release|Any CPU
		{F3932245-B90E-44A0-8DC1-FE82A08A653A}.Release|Any CPU.Build.0 = Release|Any CPU
	EndGlobalSection
	GlobalSection(SolutionProperties) = preSolution
		HideSolutionNode = FALSE
	EndGlobalSection
	GlobalSection(ExtensibilityGlobals) = postSolution
		SolutionGuid = {17D121D7-B988-4401-BBF6-EDCDCAC7A349}
	EndGlobalSection
EndGlobal
